// !$*UTF8*$!
{
	archiveVersion = 1;
	classes = {
	};
	objectVersion = 46;
	objects = {

/* Begin PBXBuildFile section */
		2442AF791E4B7272008C8B99 /* IntNodeArray.cpp in Sources */ = {isa = PBXBuildFile; fileRef = 2442AF771E4B7272008C8B99 /* IntNodeArray.cpp */; };
		24DE973F1E48D65300A8A690 /* IntNode.cpp in Sources */ = {isa = PBXBuildFile; fileRef = 24DE973D1E48D65300A8A690 /* IntNode.cpp */; };
/* End PBXBuildFile section */

/* Begin PBXCopyFilesBuildPhase section */
		24DE972F1E48D40700A8A690 /* CopyFiles */ = {
			isa = PBXCopyFilesBuildPhase;
			buildActionMask = 2147483647;
			dstPath = /usr/share/man/man1/;
			dstSubfolderSpec = 0;
			files = (
			);
			runOnlyForDeploymentPostprocessing = 1;
		};
/* End PBXCopyFilesBuildPhase section */

/* Begin PBXFileReference section */
		2442AF771E4B7272008C8B99 /* IntNodeArray.cpp */ = {isa = PBXFileReference; fileEncoding = 4; lastKnownFileType = sourcecode.cpp.cpp; path = IntNodeArray.cpp; sourceTree = "<group>"; };
		2442AF781E4B7272008C8B99 /* IntNodeArray.hpp */ = {isa = PBXFileReference; fileEncoding = 4; lastKnownFileType = sourcecode.cpp.h; path = IntNodeArray.hpp; sourceTree = "<group>"; };
		24DE97311E48D40700A8A690 /* MegaProject */ = {isa = PBXFileReference; explicitFileType = "compiled.mach-o.executable"; includeInIndex = 0; path = MegaProject; sourceTree = BUILT_PRODUCTS_DIR; };
		24DE973D1E48D65300A8A690 /* IntNode.cpp */ = {isa = PBXFileReference; fileEncoding = 4; lastKnownFileType = sourcecode.cpp.cpp; path = IntNode.cpp; sourceTree = "<group>"; };
		24DE973E1E48D65300A8A690 /* IntNode.hpp */ = {isa = PBXFileReference; fileEncoding = 4; lastKnownFileType = sourcecode.cpp.h; path = IntNode.hpp; sourceTree = "<group>"; };
/* End PBXFileReference section */

/* Begin PBXFrameworksBuildPhase section */
		24DE972E1E48D40700A8A690 /* Frameworks */ = {
			isa = PBXFrameworksBuildPhase;
			buildActionMask = 2147483647;
			files = (
			);
			runOnlyForDeploymentPostprocessing = 0;
		};
/* End PBXFrameworksBuildPhase section */

/* Begin PBXGroup section */
		24DE97281E48D40700A8A690 = {
			isa = PBXGroup;
			children = (
				24DE97331E48D40700A8A690 /* MegaProject */,
				24DE97321E48D40700A8A690 /* Products */,
			);
			sourceTree = "<group>";
		};
		24DE97321E48D40700A8A690 /* Products */ = {
			isa = PBXGroup;
			children = (
				24DE97311E48D40700A8A690 /* MegaProject */,
			);
			name = Products;
			sourceTree = "<group>";
		};
		24DE97331E48D40700A8A690 /* MegaProject */ = {
			isa = PBXGroup;
			children = (
				24DE973C1E48D41D00A8A690 /* Controller */,
				24DE973B1E48D41600A8A690 /* Model */,
			);
			path = MegaProject;
			sourceTree = "<group>";
		};
		24DE973B1E48D41600A8A690 /* Model */ = {
			isa = PBXGroup;
			children = (
				24DE973D1E48D65300A8A690 /* IntNode.cpp */,
				24DE973E1E48D65300A8A690 /* IntNode.hpp */,
				2442AF771E4B7272008C8B99 /* IntNodeArray.cpp */,
				2442AF781E4B7272008C8B99 /* IntNodeArray.hpp */,
			);
			name = Model;
			sourceTree = "<group>";
		};
		24DE973C1E48D41D00A8A690 /* Controller */ = {
			isa = PBXGroup;
			children = (
			);
			name = Controller;
			sourceTree = "<group>";
		};
/* End PBXGroup section */

/* Begin PBXNativeTarget section */
		24DE97301E48D40700A8A690 /* MegaProject */ = {
			isa = PBXNativeTarget;
			buildConfigurationList = 24DE97381E48D40700A8A690 /* Build configuration list for PBXNativeTarget "MegaProject" */;
			buildPhases = (
				24DE972D1E48D40700A8A690 /* Sources */,
				24DE972E1E48D40700A8A690 /* Frameworks */,
				24DE972F1E48D40700A8A690 /* CopyFiles */,
			);
			buildRules = (
			);
			dependencies = (
			);
			name = MegaProject;
			productName = MegaProject;
			productReference = 24DE97311E48D40700A8A690 /* MegaProject */;
			productType = "com.apple.product-type.tool";
		};
/* End PBXNativeTarget section */

/* Begin PBXProject section */
		24DE97291E48D40700A8A690 /* Project object */ = {
			isa = PBXProject;
			attributes = {
				LastUpgradeCheck = 0810;
				ORGANIZATIONNAME = "Farr, Aaron";
				TargetAttributes = {
					24DE97301E48D40700A8A690 = {
						CreatedOnToolsVersion = 8.1;
						ProvisioningStyle = Automatic;
					};
				};
			};
			buildConfigurationList = 24DE972C1E48D40700A8A690 /* Build configuration list for PBXProject "MegaProject" */;
			compatibilityVersion = "Xcode 3.2";
			developmentRegion = English;
			hasScannedForEncodings = 0;
			knownRegions = (
				en,
			);
			mainGroup = 24DE97281E48D40700A8A690;
			productRefGroup = 24DE97321E48D40700A8A690 /* Products */;
			projectDirPath = "";
			projectRoot = "";
			targets = (
				24DE97301E48D40700A8A690 /* MegaProject */,
			);
		};
/* End PBXProject section */

/* Begin PBXSourcesBuildPhase section */
		24DE972D1E48D40700A8A690 /* Sources */ = {
			isa = PBXSourcesBuildPhase;
			buildActionMask = 2147483647;
			files = (
				24DE973F1E48D65300A8A690 /* IntNode.cpp in Sources */,
				2442AF791E4B7272008C8B99 /* IntNodeArray.cpp in Sources */,
			);
			runOnlyForDeploymentPostprocessing = 0;
		};
/* End PBXSourcesBuildPhase section */

/* Begin XCBuildConfiguration section */
		24DE97361E48D40700A8A690 /* Debug */ = {
			isa = XCBuildConfiguration;
			buildSettings = {
				ALWAYS_SEARCH_USER_PATHS = NO;
				CLANG_ANALYZER_NONNULL = YES;
				CLANG_CXX_LANGUAGE_STANDARD = "gnu++0x";
				CLANG_CXX_LIBRARY = "libc++";
				CLANG_ENABLE_MODULES = YES;
				CLANG_ENABLE_OBJC_ARC = YES;
				CLANG_WARN_BOOL_CONVERSION = YES;
				CLANG_WARN_CONSTANT_CONVERSION = YES;
				CLANG_WARN_DIRECT_OBJC_ISA_USAGE = YES_ERROR;
				CLANG_WARN_DOCUMENTATION_COMMENTS = YES;
				CLANG_WARN_EMPTY_BODY = YES;
				CLANG_WARN_ENUM_CONVERSION = YES;
				CLANG_WARN_INFINITE_RECURSION = YES;
				CLANG_WARN_INT_CONVERSION = YES;
				CLANG_WARN_OBJC_ROOT_CLASS = YES_ERROR;
				CLANG_WARN_SUSPICIOUS_MOVES = YES;
				CLANG_WARN_UNREACHABLE_CODE = YES;
				CLANG_WARN__DUPLICATE_METHOD_MATCH = YES;
				CODE_SIGN_IDENTITY = "-";
				COPY_PHASE_STRIP = NO;
				DEBUG_INFORMATION_FORMAT = dwarf;
				ENABLE_STRICT_OBJC_MSGSEND = YES;
				ENABLE_TESTABILITY = YES;
				GCC_C_LANGUAGE_STANDARD = gnu99;
				GCC_DYNAMIC_NO_PIC = NO;
				GCC_NO_COMMON_BLOCKS = YES;
				GCC_OPTIMIZATION_LEVEL = 0;
				GCC_PREPROCESSOR_DEFINITIONS = (
					"DEBUG=1",
					"$(inherited)",
				);
				GCC_WARN_64_TO_32_BIT_CONVERSION = YES;
				GCC_WARN_ABOUT_RETURN_TYPE = YES_ERROR;
				GCC_WARN_UNDECLARED_SELECTOR = YES;
				GCC_WARN_UNINITIALIZED_AUTOS = YES_AGGRESSIVE;
				GCC_WARN_UNUSED_FUNCTION = YES;
				GCC_WARN_UNUSED_VARIABLE = YES;
				MACOSX_DEPLOYMENT_TARGET = 10.11;
				MTL_ENABLE_DEBUG_INFO = YES;
				ONLY_ACTIVE_ARCH = YES;
				SDKROOT = macosx;
			};
			name = Debug;
		};
		24DE97371E48D40700A8A690 /* Release */ = {
			isa = XCBuildConfiguration;
			buildSettings = {
				ALWAYS_SEARCH_USER_PATHS = NO;
				CLANG_ANALYZER_NONNULL = YES;
				CLANG_CXX_LANGUAGE_STANDARD = "gnu++0x";
				CLANG_CXX_LIBRARY = "libc++";
				CLANG_ENABLE_MODULES = YES;
				CLANG_ENABLE_OBJC_ARC = YES;
				CLANG_WARN_BOOL_CONVERSION = YES;
				CLANG_WARN_CONSTANT_CONVERSION = YES;
				CLANG_WARN_DIRECT_OBJC_ISA_USAGE = YES_ERROR;
				CLANG_WARN_DOCUMENTATION_COMMENTS = YES;
				CLANG_WARN_EMPTY_BODY = YES;
				CLANG_WARN_ENUM_CONVERSION = YES;
				CLANG_WARN_INFINITE_RECURSION = YES;
				CLANG_WARN_INT_CONVERSION = YES;
				CLANG_WARN_OBJC_ROOT_CLASS = YES_ERROR;
				CLANG_WARN_SUSPICIOUS_MOVES = YES;
				CLANG_WARN_UNREACHABLE_CODE = YES;
				CLANG_WARN__DUPLICATE_METHOD_MATCH = YES;
				CODE_SIGN_IDENTITY = "-";
				COPY_PHASE_STRIP = NO;
				DEBUG_INFORMATION_FORMAT = "dwarf-with-dsym";
				ENABLE_NS_ASSERTIONS = NO;
				ENABLE_STRICT_OBJC_MSGSEND = YES;
				GCC_C_LANGUAGE_STANDARD = gnu99;
				GCC_NO_COMMON_BLOCKS = YES;
				GCC_WARN_64_TO_32_BIT_CONVERSION = YES;
				GCC_WARN_ABOUT_RETURN_TYPE = YES_ERROR;
				GCC_WARN_UNDECLARED_SELECTOR = YES;
				GCC_WARN_UNINITIALIZED_AUTOS = YES_AGGRESSIVE;
				GCC_WARN_UNUSED_FUNCTION = YES;
				GCC_WARN_UNUSED_VARIABLE = YES;
				MACOSX_DEPLOYMENT_TARGET = 10.11;
				MTL_ENABLE_DEBUG_INFO = NO;
				SDKROOT = macosx;
			};
			name = Release;
		};
		24DE97391E48D40700A8A690 /* Debug */ = {
			isa = XCBuildConfiguration;
			buildSettings = {
				PRODUCT_NAME = "$(TARGET_NAME)";
			};
			name = Debug;
		};
		24DE973A1E48D40700A8A690 /* Release */ = {
			isa = XCBuildConfiguration;
			buildSettings = {
				PRODUCT_NAME = "$(TARGET_NAME)";
			};
			name = Release;
		};
/* End XCBuildConfiguration section */

/* Begin XCConfigurationList section */
		24DE972C1E48D40700A8A690 /* Build configuration list for PBXProject "MegaProject" */ = {
			isa = XCConfigurationList;
			buildConfigurations = (
				24DE97361E48D40700A8A690 /* Debug */,
				24DE97371E48D40700A8A690 /* Release */,
			);
			defaultConfigurationIsVisible = 0;
			defaultConfigurationName = Release;
		};
		24DE97381E48D40700A8A690 /* Build configuration list for PBXNativeTarget "MegaProject" */ = {
			isa = XCConfigurationList;
			buildConfigurations = (
				24DE97391E48D40700A8A690 /* Debug */,
				24DE973A1E48D40700A8A690 /* Release */,
			);
			defaultConfigurationIsVisible = 0;
			defaultConfigurationName = Release;
		};
/* End XCConfigurationList section */
	};
	rootObject = 24DE97291E48D40700A8A690 /* Project object */;
}
